// !$*UTF8*$!
{
	archiveVersion = 1;
	classes = {
	};
	objectVersion = 50;
	objects = {

/* Begin PBXBuildFile section */
		F73961872305DE5600E51F30 /* AppDelegate.swift in Sources */ = {isa = PBXBuildFile; fileRef = F73961862305DE5600E51F30 /* AppDelegate.swift */; };
		F739618F2305DE5600E51F30 /* Movies.xcdatamodeld in Sources */ = {isa = PBXBuildFile; fileRef = F739618D2305DE5600E51F30 /* Movies.xcdatamodeld */; };
		F73961912305DE5800E51F30 /* Assets.xcassets in Resources */ = {isa = PBXBuildFile; fileRef = F73961902305DE5800E51F30 /* Assets.xcassets */; };
		F73961942305DE5800E51F30 /* LaunchScreen.storyboard in Resources */ = {isa = PBXBuildFile; fileRef = F73961922305DE5800E51F30 /* LaunchScreen.storyboard */; };
		F739619F2305DE5800E51F30 /* MoviesTests.swift in Sources */ = {isa = PBXBuildFile; fileRef = F739619E2305DE5800E51F30 /* MoviesTests.swift */; };
		F73961AA2305DE5800E51F30 /* MoviesUITests.swift in Sources */ = {isa = PBXBuildFile; fileRef = F73961A92305DE5800E51F30 /* MoviesUITests.swift */; };
		F73961B92305DF4100E51F30 /* PopularMoviesViewController.swift in Sources */ = {isa = PBXBuildFile; fileRef = F73961B72305DF4100E51F30 /* PopularMoviesViewController.swift */; };
		F73961BA2305DF4100E51F30 /* PopularMoviesViewController.xib in Resources */ = {isa = PBXBuildFile; fileRef = F73961B82305DF4100E51F30 /* PopularMoviesViewController.xib */; };
/* End PBXBuildFile section */

/* Begin PBXContainerItemProxy section */
		F739619B2305DE5800E51F30 /* PBXContainerItemProxy */ = {
			isa = PBXContainerItemProxy;
			containerPortal = F739617B2305DE5600E51F30 /* Project object */;
			proxyType = 1;
			remoteGlobalIDString = F73961822305DE5600E51F30;
			remoteInfo = Movies;
		};
		F73961A62305DE5800E51F30 /* PBXContainerItemProxy */ = {
			isa = PBXContainerItemProxy;
			containerPortal = F739617B2305DE5600E51F30 /* Project object */;
			proxyType = 1;
			remoteGlobalIDString = F73961822305DE5600E51F30;
			remoteInfo = Movies;
		};
/* End PBXContainerItemProxy section */

/* Begin PBXFileReference section */
		F73961832305DE5600E51F30 /* Movies.app */ = {isa = PBXFileReference; explicitFileType = wrapper.application; includeInIndex = 0; path = Movies.app; sourceTree = BUILT_PRODUCTS_DIR; };
		F73961862305DE5600E51F30 /* AppDelegate.swift */ = {isa = PBXFileReference; lastKnownFileType = sourcecode.swift; path = AppDelegate.swift; sourceTree = "<group>"; };
		F739618E2305DE5600E51F30 /* Movies.xcdatamodel */ = {isa = PBXFileReference; lastKnownFileType = wrapper.xcdatamodel; path = Movies.xcdatamodel; sourceTree = "<group>"; };
		F73961902305DE5800E51F30 /* Assets.xcassets */ = {isa = PBXFileReference; lastKnownFileType = folder.assetcatalog; path = Assets.xcassets; sourceTree = "<group>"; };
		F73961932305DE5800E51F30 /* Base */ = {isa = PBXFileReference; lastKnownFileType = file.storyboard; name = Base; path = Base.lproj/LaunchScreen.storyboard; sourceTree = "<group>"; };
		F73961952305DE5800E51F30 /* Info.plist */ = {isa = PBXFileReference; lastKnownFileType = text.plist.xml; path = Info.plist; sourceTree = "<group>"; };
		F739619A2305DE5800E51F30 /* MoviesTests.xctest */ = {isa = PBXFileReference; explicitFileType = wrapper.cfbundle; includeInIndex = 0; path = MoviesTests.xctest; sourceTree = BUILT_PRODUCTS_DIR; };
		F739619E2305DE5800E51F30 /* MoviesTests.swift */ = {isa = PBXFileReference; lastKnownFileType = sourcecode.swift; path = MoviesTests.swift; sourceTree = "<group>"; };
		F73961A02305DE5800E51F30 /* Info.plist */ = {isa = PBXFileReference; lastKnownFileType = text.plist.xml; path = Info.plist; sourceTree = "<group>"; };
		F73961A52305DE5800E51F30 /* MoviesUITests.xctest */ = {isa = PBXFileReference; explicitFileType = wrapper.cfbundle; includeInIndex = 0; path = MoviesUITests.xctest; sourceTree = BUILT_PRODUCTS_DIR; };
		F73961A92305DE5800E51F30 /* MoviesUITests.swift */ = {isa = PBXFileReference; lastKnownFileType = sourcecode.swift; path = MoviesUITests.swift; sourceTree = "<group>"; };
		F73961AB2305DE5800E51F30 /* Info.plist */ = {isa = PBXFileReference; lastKnownFileType = text.plist.xml; path = Info.plist; sourceTree = "<group>"; };
		F73961B72305DF4100E51F30 /* PopularMoviesViewController.swift */ = {isa = PBXFileReference; lastKnownFileType = sourcecode.swift; path = PopularMoviesViewController.swift; sourceTree = "<group>"; };
		F73961B82305DF4100E51F30 /* PopularMoviesViewController.xib */ = {isa = PBXFileReference; lastKnownFileType = file.xib; path = PopularMoviesViewController.xib; sourceTree = "<group>"; };
/* End PBXFileReference section */

/* Begin PBXFrameworksBuildPhase section */
		F73961802305DE5600E51F30 /* Frameworks */ = {
			isa = PBXFrameworksBuildPhase;
			buildActionMask = 2147483647;
			files = (
			);
			runOnlyForDeploymentPostprocessing = 0;
		};
		F73961972305DE5800E51F30 /* Frameworks */ = {
			isa = PBXFrameworksBuildPhase;
			buildActionMask = 2147483647;
			files = (
			);
			runOnlyForDeploymentPostprocessing = 0;
		};
		F73961A22305DE5800E51F30 /* Frameworks */ = {
			isa = PBXFrameworksBuildPhase;
			buildActionMask = 2147483647;
			files = (
			);
			runOnlyForDeploymentPostprocessing = 0;
		};
/* End PBXFrameworksBuildPhase section */

/* Begin PBXGroup section */
		F739617A2305DE5600E51F30 = {
			isa = PBXGroup;
			children = (
				F73961852305DE5600E51F30 /* Movies */,
				F739619D2305DE5800E51F30 /* MoviesTests */,
				F73961A82305DE5800E51F30 /* MoviesUITests */,
				F73961842305DE5600E51F30 /* Products */,
			);
			sourceTree = "<group>";
		};
		F73961842305DE5600E51F30 /* Products */ = {
			isa = PBXGroup;
			children = (
				F73961832305DE5600E51F30 /* Movies.app */,
				F739619A2305DE5800E51F30 /* MoviesTests.xctest */,
				F73961A52305DE5800E51F30 /* MoviesUITests.xctest */,
			);
			name = Products;
			sourceTree = "<group>";
		};
		F73961852305DE5600E51F30 /* Movies */ = {
			isa = PBXGroup;
			children = (
				F73961862305DE5600E51F30 /* AppDelegate.swift */,
				F73961B72305DF4100E51F30 /* PopularMoviesViewController.swift */,
				F73961B82305DF4100E51F30 /* PopularMoviesViewController.xib */,
				F73961902305DE5800E51F30 /* Assets.xcassets */,
				F73961922305DE5800E51F30 /* LaunchScreen.storyboard */,
				F73961952305DE5800E51F30 /* Info.plist */,
				F739618D2305DE5600E51F30 /* Movies.xcdatamodeld */,
			);
			path = Movies;
			sourceTree = "<group>";
		};
		F739619D2305DE5800E51F30 /* MoviesTests */ = {
			isa = PBXGroup;
			children = (
				F739619E2305DE5800E51F30 /* MoviesTests.swift */,
				F73961A02305DE5800E51F30 /* Info.plist */,
			);
			path = MoviesTests;
			sourceTree = "<group>";
		};
		F73961A82305DE5800E51F30 /* MoviesUITests */ = {
			isa = PBXGroup;
			children = (
				F73961A92305DE5800E51F30 /* MoviesUITests.swift */,
				F73961AB2305DE5800E51F30 /* Info.plist */,
			);
			path = MoviesUITests;
			sourceTree = "<group>";
		};
/* End PBXGroup section */

/* Begin PBXNativeTarget section */
		F73961822305DE5600E51F30 /* Movies */ = {
			isa = PBXNativeTarget;
			buildConfigurationList = F73961AE2305DE5800E51F30 /* Build configuration list for PBXNativeTarget "Movies" */;
			buildPhases = (
				F739617F2305DE5600E51F30 /* Sources */,
				F73961802305DE5600E51F30 /* Frameworks */,
				F73961812305DE5600E51F30 /* Resources */,
			);
			buildRules = (
			);
			dependencies = (
			);
			name = Movies;
			productName = Movies;
			productReference = F73961832305DE5600E51F30 /* Movies.app */;
			productType = "com.apple.product-type.application";
		};
		F73961992305DE5800E51F30 /* MoviesTests */ = {
			isa = PBXNativeTarget;
			buildConfigurationList = F73961B12305DE5800E51F30 /* Build configuration list for PBXNativeTarget "MoviesTests" */;
			buildPhases = (
				F73961962305DE5800E51F30 /* Sources */,
				F73961972305DE5800E51F30 /* Frameworks */,
				F73961982305DE5800E51F30 /* Resources */,
			);
			buildRules = (
			);
			dependencies = (
				F739619C2305DE5800E51F30 /* PBXTargetDependency */,
			);
			name = MoviesTests;
			productName = MoviesTests;
			productReference = F739619A2305DE5800E51F30 /* MoviesTests.xctest */;
			productType = "com.apple.product-type.bundle.unit-test";
		};
		F73961A42305DE5800E51F30 /* MoviesUITests */ = {
			isa = PBXNativeTarget;
			buildConfigurationList = F73961B42305DE5800E51F30 /* Build configuration list for PBXNativeTarget "MoviesUITests" */;
			buildPhases = (
				F73961A12305DE5800E51F30 /* Sources */,
				F73961A22305DE5800E51F30 /* Frameworks */,
				F73961A32305DE5800E51F30 /* Resources */,
			);
			buildRules = (
			);
			dependencies = (
				F73961A72305DE5800E51F30 /* PBXTargetDependency */,
			);
			name = MoviesUITests;
			productName = MoviesUITests;
			productReference = F73961A52305DE5800E51F30 /* MoviesUITests.xctest */;
			productType = "com.apple.product-type.bundle.ui-testing";
		};
/* End PBXNativeTarget section */

/* Begin PBXProject section */
		F739617B2305DE5600E51F30 /* Project object */ = {
			isa = PBXProject;
			attributes = {
				LastSwiftUpdateCheck = 1020;
				LastUpgradeCheck = 1020;
				ORGANIZATIONNAME = "Ezequiel França";
				TargetAttributes = {
					F73961822305DE5600E51F30 = {
						CreatedOnToolsVersion = 10.2.1;
					};
					F73961992305DE5800E51F30 = {
						CreatedOnToolsVersion = 10.2.1;
						TestTargetID = F73961822305DE5600E51F30;
					};
					F73961A42305DE5800E51F30 = {
						CreatedOnToolsVersion = 10.2.1;
						TestTargetID = F73961822305DE5600E51F30;
					};
				};
			};
			buildConfigurationList = F739617E2305DE5600E51F30 /* Build configuration list for PBXProject "Movies" */;
			compatibilityVersion = "Xcode 9.3";
			developmentRegion = en;
			hasScannedForEncodings = 0;
			knownRegions = (
				en,
				Base,
			);
			mainGroup = F739617A2305DE5600E51F30;
			productRefGroup = F73961842305DE5600E51F30 /* Products */;
			projectDirPath = "";
			projectRoot = "";
			targets = (
				F73961822305DE5600E51F30 /* Movies */,
				F73961992305DE5800E51F30 /* MoviesTests */,
				F73961A42305DE5800E51F30 /* MoviesUITests */,
			);
		};
/* End PBXProject section */

/* Begin PBXResourcesBuildPhase section */
		F73961812305DE5600E51F30 /* Resources */ = {
			isa = PBXResourcesBuildPhase;
			buildActionMask = 2147483647;
			files = (
				F73961942305DE5800E51F30 /* LaunchScreen.storyboard in Resources */,
				F73961BA2305DF4100E51F30 /* PopularMoviesViewController.xib in Resources */,
				F73961912305DE5800E51F30 /* Assets.xcassets in Resources */,
			);
			runOnlyForDeploymentPostprocessing = 0;
		};
		F73961982305DE5800E51F30 /* Resources */ = {
			isa = PBXResourcesBuildPhase;
			buildActionMask = 2147483647;
			files = (
			);
			runOnlyForDeploymentPostprocessing = 0;
		};
		F73961A32305DE5800E51F30 /* Resources */ = {
			isa = PBXResourcesBuildPhase;
			buildActionMask = 2147483647;
			files = (
			);
			runOnlyForDeploymentPostprocessing = 0;
		};
/* End PBXResourcesBuildPhase section */

/* Begin PBXSourcesBuildPhase section */
		F739617F2305DE5600E51F30 /* Sources */ = {
			isa = PBXSourcesBuildPhase;
			buildActionMask = 2147483647;
			files = (
				F739618F2305DE5600E51F30 /* Movies.xcdatamodeld in Sources */,
				F73961872305DE5600E51F30 /* AppDelegate.swift in Sources */,
				F73961B92305DF4100E51F30 /* PopularMoviesViewController.swift in Sources */,
			);
			runOnlyForDeploymentPostprocessing = 0;
		};
		F73961962305DE5800E51F30 /* Sources */ = {
			isa = PBXSourcesBuildPhase;
			buildActionMask = 2147483647;
			files = (
				F739619F2305DE5800E51F30 /* MoviesTests.swift in Sources */,
			);
			runOnlyForDeploymentPostprocessing = 0;
		};
		F73961A12305DE5800E51F30 /* Sources */ = {
			isa = PBXSourcesBuildPhase;
			buildActionMask = 2147483647;
			files = (
				F73961AA2305DE5800E51F30 /* MoviesUITests.swift in Sources */,
			);
			runOnlyForDeploymentPostprocessing = 0;
		};
/* End PBXSourcesBuildPhase section */

/* Begin PBXTargetDependency section */
		F739619C2305DE5800E51F30 /* PBXTargetDependency */ = {
			isa = PBXTargetDependency;
			target = F73961822305DE5600E51F30 /* Movies */;
			targetProxy = F739619B2305DE5800E51F30 /* PBXContainerItemProxy */;
		};
		F73961A72305DE5800E51F30 /* PBXTargetDependency */ = {
			isa = PBXTargetDependency;
			target = F73961822305DE5600E51F30 /* Movies */;
			targetProxy = F73961A62305DE5800E51F30 /* PBXContainerItemProxy */;
		};
/* End PBXTargetDependency section */

/* Begin PBXVariantGroup section */
		F73961922305DE5800E51F30 /* LaunchScreen.storyboard */ = {
			isa = PBXVariantGroup;
			children = (
				F73961932305DE5800E51F30 /* Base */,
			);
			name = LaunchScreen.storyboard;
			sourceTree = "<group>";
		};
/* End PBXVariantGroup section */

/* Begin XCBuildConfiguration section */
		F73961AC2305DE5800E51F30 /* Debug */ = {
			isa = XCBuildConfiguration;
			buildSettings = {
				ALWAYS_SEARCH_USER_PATHS = NO;
				CLANG_ANALYZER_NONNULL = YES;
				CLANG_ANALYZER_NUMBER_OBJECT_CONVERSION = YES_AGGRESSIVE;
				CLANG_CXX_LANGUAGE_STANDARD = "gnu++14";
				CLANG_CXX_LIBRARY = "libc++";
				CLANG_ENABLE_MODULES = YES;
				CLANG_ENABLE_OBJC_ARC = YES;
				CLANG_ENABLE_OBJC_WEAK = YES;
				CLANG_WARN_BLOCK_CAPTURE_AUTORELEASING = YES;
				CLANG_WARN_BOOL_CONVERSION = YES;
				CLANG_WARN_COMMA = YES;
				CLANG_WARN_CONSTANT_CONVERSION = YES;
				CLANG_WARN_DEPRECATED_OBJC_IMPLEMENTATIONS = YES;
				CLANG_WARN_DIRECT_OBJC_ISA_USAGE = YES_ERROR;
				CLANG_WARN_DOCUMENTATION_COMMENTS = YES;
				CLANG_WARN_EMPTY_BODY = YES;
				CLANG_WARN_ENUM_CONVERSION = YES;
				CLANG_WARN_INFINITE_RECURSION = YES;
				CLANG_WARN_INT_CONVERSION = YES;
				CLANG_WARN_NON_LITERAL_NULL_CONVERSION = YES;
				CLANG_WARN_OBJC_IMPLICIT_RETAIN_SELF = YES;
				CLANG_WARN_OBJC_LITERAL_CONVERSION = YES;
				CLANG_WARN_OBJC_ROOT_CLASS = YES_ERROR;
				CLANG_WARN_RANGE_LOOP_ANALYSIS = YES;
				CLANG_WARN_STRICT_PROTOTYPES = YES;
				CLANG_WARN_SUSPICIOUS_MOVE = YES;
				CLANG_WARN_UNGUARDED_AVAILABILITY = YES_AGGRESSIVE;
				CLANG_WARN_UNREACHABLE_CODE = YES;
				CLANG_WARN__DUPLICATE_METHOD_MATCH = YES;
				CODE_SIGN_IDENTITY = "iPhone Developer";
				COPY_PHASE_STRIP = NO;
				DEBUG_INFORMATION_FORMAT = dwarf;
				ENABLE_STRICT_OBJC_MSGSEND = YES;
				ENABLE_TESTABILITY = YES;
				GCC_C_LANGUAGE_STANDARD = gnu11;
				GCC_DYNAMIC_NO_PIC = NO;
				GCC_NO_COMMON_BLOCKS = YES;
				GCC_OPTIMIZATION_LEVEL = 0;
				GCC_PREPROCESSOR_DEFINITIONS = (
					"DEBUG=1",
					"$(inherited)",
				);
				GCC_WARN_64_TO_32_BIT_CONVERSION = YES;
				GCC_WARN_ABOUT_RETURN_TYPE = YES_ERROR;
				GCC_WARN_UNDECLARED_SELECTOR = YES;
				GCC_WARN_UNINITIALIZED_AUTOS = YES_AGGRESSIVE;
				GCC_WARN_UNUSED_FUNCTION = YES;
				GCC_WARN_UNUSED_VARIABLE = YES;
				IPHONEOS_DEPLOYMENT_TARGET = 12.2;
				MTL_ENABLE_DEBUG_INFO = INCLUDE_SOURCE;
				MTL_FAST_MATH = YES;
				ONLY_ACTIVE_ARCH = YES;
				SDKROOT = iphoneos;
				SWIFT_ACTIVE_COMPILATION_CONDITIONS = DEBUG;
				SWIFT_OPTIMIZATION_LEVEL = "-Onone";
			};
			name = Debug;
		};
		F73961AD2305DE5800E51F30 /* Release */ = {
			isa = XCBuildConfiguration;
			buildSettings = {
				ALWAYS_SEARCH_USER_PATHS = NO;
				CLANG_ANALYZER_NONNULL = YES;
				CLANG_ANALYZER_NUMBER_OBJECT_CONVERSION = YES_AGGRESSIVE;
				CLANG_CXX_LANGUAGE_STANDARD = "gnu++14";
				CLANG_CXX_LIBRARY = "libc++";
				CLANG_ENABLE_MODULES = YES;
				CLANG_ENABLE_OBJC_ARC = YES;
				CLANG_ENABLE_OBJC_WEAK = YES;
				CLANG_WARN_BLOCK_CAPTURE_AUTORELEASING = YES;
				CLANG_WARN_BOOL_CONVERSION = YES;
				CLANG_WARN_COMMA = YES;
				CLANG_WARN_CONSTANT_CONVERSION = YES;
				CLANG_WARN_DEPRECATED_OBJC_IMPLEMENTATIONS = YES;
				CLANG_WARN_DIRECT_OBJC_ISA_USAGE = YES_ERROR;
				CLANG_WARN_DOCUMENTATION_COMMENTS = YES;
				CLANG_WARN_EMPTY_BODY = YES;
				CLANG_WARN_ENUM_CONVERSION = YES;
				CLANG_WARN_INFINITE_RECURSION = YES;
				CLANG_WARN_INT_CONVERSION = YES;
				CLANG_WARN_NON_LITERAL_NULL_CONVERSION = YES;
				CLANG_WARN_OBJC_IMPLICIT_RETAIN_SELF = YES;
				CLANG_WARN_OBJC_LITERAL_CONVERSION = YES;
				CLANG_WARN_OBJC_ROOT_CLASS = YES_ERROR;
				CLANG_WARN_RANGE_LOOP_ANALYSIS = YES;
				CLANG_WARN_STRICT_PROTOTYPES = YES;
				CLANG_WARN_SUSPICIOUS_MOVE = YES;
				CLANG_WARN_UNGUARDED_AVAILABILITY = YES_AGGRESSIVE;
				CLANG_WARN_UNREACHABLE_CODE = YES;
				CLANG_WARN__DUPLICATE_METHOD_MATCH = YES;
				CODE_SIGN_IDENTITY = "iPhone Developer";
				COPY_PHASE_STRIP = NO;
				DEBUG_INFORMATION_FORMAT = "dwarf-with-dsym";
				ENABLE_NS_ASSERTIONS = NO;
				ENABLE_STRICT_OBJC_MSGSEND = YES;
				GCC_C_LANGUAGE_STANDARD = gnu11;
				GCC_NO_COMMON_BLOCKS = YES;
				GCC_WARN_64_TO_32_BIT_CONVERSION = YES;
				GCC_WARN_ABOUT_RETURN_TYPE = YES_ERROR;
				GCC_WARN_UNDECLARED_SELECTOR = YES;
				GCC_WARN_UNINITIALIZED_AUTOS = YES_AGGRESSIVE;
				GCC_WARN_UNUSED_FUNCTION = YES;
				GCC_WARN_UNUSED_VARIABLE = YES;
				IPHONEOS_DEPLOYMENT_TARGET = 12.2;
				MTL_ENABLE_DEBUG_INFO = NO;
				MTL_FAST_MATH = YES;
				SDKROOT = iphoneos;
				SWIFT_COMPILATION_MODE = wholemodule;
				SWIFT_OPTIMIZATION_LEVEL = "-O";
				VALIDATE_PRODUCT = YES;
			};
			name = Release;
		};
		F73961AF2305DE5800E51F30 /* Debug */ = {
			isa = XCBuildConfiguration;
			buildSettings = {
				ASSETCATALOG_COMPILER_APPICON_NAME = AppIcon;
				CODE_SIGN_STYLE = Automatic;
				DEVELOPMENT_TEAM = 54JDK55DR5;
				INFOPLIST_FILE = Movies/Info.plist;
				LD_RUNPATH_SEARCH_PATHS = (
					"$(inherited)",
					"@executable_path/Frameworks",
				);
				PRODUCT_BUNDLE_IDENTIFIER = ezequiel.app.Movies;
				PRODUCT_NAME = "$(TARGET_NAME)";
				SWIFT_VERSION = 5.0;
				TARGETED_DEVICE_FAMILY = "1,2";
			};
			name = Debug;
		};
		F73961B02305DE5800E51F30 /* Release */ = {
			isa = XCBuildConfiguration;
			buildSettings = {
				ASSETCATALOG_COMPILER_APPICON_NAME = AppIcon;
				CODE_SIGN_STYLE = Automatic;
				DEVELOPMENT_TEAM = 54JDK55DR5;
				INFOPLIST_FILE = Movies/Info.plist;
				LD_RUNPATH_SEARCH_PATHS = (
					"$(inherited)",
					"@executable_path/Frameworks",
				);
				PRODUCT_BUNDLE_IDENTIFIER = ezequiel.app.Movies;
				PRODUCT_NAME = "$(TARGET_NAME)";
				SWIFT_VERSION = 5.0;
				TARGETED_DEVICE_FAMILY = "1,2";
			};
			name = Release;
		};
		F73961B22305DE5800E51F30 /* Debug */ = {
			isa = XCBuildConfiguration;
			buildSettings = {
				ALWAYS_EMBED_SWIFT_STANDARD_LIBRARIES = YES;
				BUNDLE_LOADER = "$(TEST_HOST)";
				CODE_SIGN_STYLE = Automatic;
				DEVELOPMENT_TEAM = 54JDK55DR5;
				INFOPLIST_FILE = MoviesTests/Info.plist;
				LD_RUNPATH_SEARCH_PATHS = (
					"$(inherited)",
					"@executable_path/Frameworks",
					"@loader_path/Frameworks",
				);
				PRODUCT_BUNDLE_IDENTIFIER = ezequiel.app.MoviesTests;
				PRODUCT_NAME = "$(TARGET_NAME)";
				SWIFT_VERSION = 5.0;
				TARGETED_DEVICE_FAMILY = "1,2";
				TEST_HOST = "$(BUILT_PRODUCTS_DIR)/Movies.app/Movies";
			};
			name = Debug;
		};
		F73961B32305DE5800E51F30 /* Release */ = {
			isa = XCBuildConfiguration;
			buildSettings = {
				ALWAYS_EMBED_SWIFT_STANDARD_LIBRARIES = YES;
				BUNDLE_LOADER = "$(TEST_HOST)";
				CODE_SIGN_STYLE = Automatic;
				DEVELOPMENT_TEAM = 54JDK55DR5;
				INFOPLIST_FILE = MoviesTests/Info.plist;
				LD_RUNPATH_SEARCH_PATHS = (
					"$(inherited)",
					"@executable_path/Frameworks",
					"@loader_path/Frameworks",
				);
				PRODUCT_BUNDLE_IDENTIFIER = ezequiel.app.MoviesTests;
				PRODUCT_NAME = "$(TARGET_NAME)";
				SWIFT_VERSION = 5.0;
				TARGETED_DEVICE_FAMILY = "1,2";
				TEST_HOST = "$(BUILT_PRODUCTS_DIR)/Movies.app/Movies";
			};
			name = Release;
		};
		F73961B52305DE5800E51F30 /* Debug */ = {
			isa = XCBuildConfiguration;
			buildSettings = {
				ALWAYS_EMBED_SWIFT_STANDARD_LIBRARIES = YES;
				CODE_SIGN_STYLE = Automatic;
				DEVELOPMENT_TEAM = 54JDK55DR5;
				INFOPLIST_FILE = MoviesUITests/Info.plist;
				LD_RUNPATH_SEARCH_PATHS = (
					"$(inherited)",
					"@executable_path/Frameworks",
					"@loader_path/Frameworks",
				);
				PRODUCT_BUNDLE_IDENTIFIER = ezequiel.app.MoviesUITests;
				PRODUCT_NAME = "$(TARGET_NAME)";
				SWIFT_VERSION = 5.0;
				TARGETED_DEVICE_FAMILY = "1,2";
				TEST_TARGET_NAME = Movies;
			};
			name = Debug;
		};
		F73961B62305DE5800E51F30 /* Release */ = {
			isa = XCBuildConfiguration;
			buildSettings = {
				ALWAYS_EMBED_SWIFT_STANDARD_LIBRARIES = YES;
				CODE_SIGN_STYLE = Automatic;
				DEVELOPMENT_TEAM = 54JDK55DR5;
				INFOPLIST_FILE = MoviesUITests/Info.plist;
				LD_RUNPATH_SEARCH_PATHS = (
					"$(inherited)",
					"@executable_path/Frameworks",
					"@loader_path/Frameworks",
				);
				PRODUCT_BUNDLE_IDENTIFIER = ezequiel.app.MoviesUITests;
				PRODUCT_NAME = "$(TARGET_NAME)";
				SWIFT_VERSION = 5.0;
				TARGETED_DEVICE_FAMILY = "1,2";
				TEST_TARGET_NAME = Movies;
			};
			name = Release;
		};
/* End XCBuildConfiguration section */

/* Begin XCConfigurationList section */
		F739617E2305DE5600E51F30 /* Build configuration list for PBXProject "Movies" */ = {
			isa = XCConfigurationList;
			buildConfigurations = (
				F73961AC2305DE5800E51F30 /* Debug */,
				F73961AD2305DE5800E51F30 /* Release */,
			);
			defaultConfigurationIsVisible = 0;
			defaultConfigurationName = Release;
		};
		F73961AE2305DE5800E51F30 /* Build configuration list for PBXNativeTarget "Movies" */ = {
			isa = XCConfigurationList;
			buildConfigurations = (
				F73961AF2305DE5800E51F30 /* Debug */,
				F73961B02305DE5800E51F30 /* Release */,
			);
			defaultConfigurationIsVisible = 0;
			defaultConfigurationName = Release;
		};
		F73961B12305DE5800E51F30 /* Build configuration list for PBXNativeTarget "MoviesTests" */ = {
			isa = XCConfigurationList;
			buildConfigurations = (
				F73961B22305DE5800E51F30 /* Debug */,
				F73961B32305DE5800E51F30 /* Release */,
			);
			defaultConfigurationIsVisible = 0;
			defaultConfigurationName = Release;
		};
		F73961B42305DE5800E51F30 /* Build configuration list for PBXNativeTarget "MoviesUITests" */ = {
			isa = XCConfigurationList;
			buildConfigurations = (
				F73961B52305DE5800E51F30 /* Debug */,
				F73961B62305DE5800E51F30 /* Release */,
			);
			defaultConfigurationIsVisible = 0;
			defaultConfigurationName = Release;
		};
/* End XCConfigurationList section */

/* Begin XCVersionGroup section */
		F739618D2305DE5600E51F30 /* Movies.xcdatamodeld */ = {
			isa = XCVersionGroup;
			children = (
				F739618E2305DE5600E51F30 /* Movies.xcdatamodel */,
			);
			currentVersion = F739618E2305DE5600E51F30 /* Movies.xcdatamodel */;
			path = Movies.xcdatamodeld;
			sourceTree = "<group>";
			versionGroupType = wrapper.xcdatamodel;
		};
/* End XCVersionGroup section */
	};
	rootObject = F739617B2305DE5600E51F30 /* Project object */;
}
